
Microsoft Visual Studio Solution File, Format Version 12.00
# Visual Studio Version 16
VisualStudioVersion = 16.0.31410.357
MinimumVisualStudioVersion = 10.0.40219.1
Project("{FAE04EC0-301F-11D3-BF4B-00C04F79EFBC}") = "SistemaWebVuelos", "SistemaWebVuelos\SistemaWebVuelos.csproj", "{BE0C7F37-2182-4E73-9278-D47857F05828}"
EndProject
Global
	GlobalSection(SolutionConfigurationPlatforms) = preSolution
		Debug|Any CPU = Debug|Any CPU
		Release|Any CPU = Release|Any CPU
	EndGlobalSection
	GlobalSection(ProjectConfigurationPlatforms) = postSolution
		{BE0C7F37-2182-4E73-9278-D47857F05828}.Debug|Any CPU.ActiveCfg = Debug|Any CPU
		{BE0C7F37-2182-4E73-9278-D47857F05828}.Debug|Any CPU.Build.0 = Debug|Any CPU
		{BE0C7F37-2182-4E73-9278-D47857F05828}.Release|Any CPU.ActiveCfg = Release|Any CPU
		{BE0C7F37-2182-4E73-9278-D47857F05828}.Release|Any CPU.Build.0 = Release|Any CPU
	EndGlobalSection
	GlobalSection(SolutionProperties) = preSolution
		HideSolutionNode = FALSE
	EndGlobalSection
	GlobalSection(ExtensibilityGlobals) = postSolution
		SolutionGuid = {8F4766E4-7DEC-46CE-9226-E99CB7CD0033}
	EndGlobalSection
EndGlobal
